{
    "_readme": [
        "This file locks the dependencies of your project to a known state",
        "Read more about it at https://getcomposer.org/doc/01-basic-usage.md#installing-dependencies",
        "This file is @generated automatically"
    ],
    "content-hash": "3df8d151c0e28ab480d086d9aecd666e",
    "packages": [
        {
            "name": "composer/package-versions-deprecated",
            "version": "1.11.99.2",
            "source": {
                "type": "git",
                "url": "https://github.com/composer/package-versions-deprecated.git",
                "reference": "c6522afe5540d5fc46675043d3ed5a45a740b27c"
            },
            "dist": {
                "type": "zip",
                "url": "https://api.github.com/repos/composer/package-versions-deprecated/zipball/c6522afe5540d5fc46675043d3ed5a45a740b27c",
                "reference": "c6522afe5540d5fc46675043d3ed5a45a740b27c",
                "shasum": ""
            },
            "require": {
                "composer-plugin-api": "^1.1.0 || ^2.0",
                "php": "^7 || ^8"
            },
            "replace": {
                "ocramius/package-versions": "1.11.99"
            },
            "require-dev": {
                "composer/composer": "^1.9.3 || ^2.0@dev",
                "ext-zip": "^1.13",
                "phpunit/phpunit": "^6.5 || ^7"
            },
            "type": "composer-plugin",
            "extra": {
                "class": "PackageVersions\\Installer",
                "branch-alias": {
                    "dev-master": "1.x-dev"
                }
            },
            "autoload": {
                "psr-4": {
                    "PackageVersions\\": "src/PackageVersions"
                }
            },
            "notification-url": "https://packagist.org/downloads/",
            "license": [
                "MIT"
            ],
            "authors": [
                {
                    "name": "Marco Pivetta",
                    "email": "ocramius@gmail.com"
                },
                {
                    "name": "Jordi Boggiano",
                    "email": "j.boggiano@seld.be"
                }
            ],
            "description": "Composer plugin that provides efficient querying for installed package versions (no runtime IO)",
            "support": {
                "issues": "https://github.com/composer/package-versions-deprecated/issues",
                "source": "https://github.com/composer/package-versions-deprecated/tree/1.11.99.2"
            },
            "funding": [
                {
                    "url": "https://packagist.com",
                    "type": "custom"
                },
                {
                    "url": "https://github.com/composer",
                    "type": "github"
                },
                {
                    "url": "https://tidelift.com/funding/github/packagist/composer/composer",
                    "type": "tidelift"
                }
            ],
            "time": "2021-05-24T07:46:03+00:00"
        },
        {
            "name": "doctrine/cache",
            "version": "2.0.3",
            "source": {
                "type": "git",
                "url": "https://github.com/doctrine/cache.git",
                "reference": "c9622c6820d3ede1e2315a6a377ea1076e421d88"
            },
            "dist": {
                "type": "zip",
                "url": "https://api.github.com/repos/doctrine/cache/zipball/c9622c6820d3ede1e2315a6a377ea1076e421d88",
                "reference": "c9622c6820d3ede1e2315a6a377ea1076e421d88",
                "shasum": ""
            },
            "require": {
                "php": "~7.1 || ^8.0"
            },
            "conflict": {
                "doctrine/common": ">2.2,<2.4",
                "psr/cache": ">=3"
            },
            "require-dev": {
                "alcaeus/mongo-php-adapter": "^1.1",
                "cache/integration-tests": "dev-master",
                "doctrine/coding-standard": "^8.0",
                "mongodb/mongodb": "^1.1",
                "phpunit/phpunit": "^7.0 || ^8.0 || ^9.0",
                "predis/predis": "~1.0",
                "psr/cache": "^1.0 || ^2.0",
                "symfony/cache": "^4.4 || ^5.2"
            },
            "suggest": {
                "alcaeus/mongo-php-adapter": "Required to use legacy MongoDB driver"
            },
            "type": "library",
            "autoload": {
                "psr-4": {
                    "Doctrine\\Common\\Cache\\": "lib/Doctrine/Common/Cache"
                }
            },
            "notification-url": "https://packagist.org/downloads/",
            "license": [
                "MIT"
            ],
            "authors": [
                {
                    "name": "Guilherme Blanco",
                    "email": "guilhermeblanco@gmail.com"
                },
                {
                    "name": "Roman Borschel",
                    "email": "roman@code-factory.org"
                },
                {
                    "name": "Benjamin Eberlei",
                    "email": "kontakt@beberlei.de"
                },
                {
                    "name": "Jonathan Wage",
                    "email": "jonwage@gmail.com"
                },
                {
                    "name": "Johannes Schmitt",
                    "email": "schmittjoh@gmail.com"
                }
            ],
            "description": "PHP Doctrine Cache library is a popular cache implementation that supports many different drivers such as redis, memcache, apc, mongodb and others.",
            "homepage": "https://www.doctrine-project.org/projects/cache.html",
            "keywords": [
                "abstraction",
                "apcu",
                "cache",
                "caching",
                "couchdb",
                "memcached",
                "php",
                "redis",
                "xcache"
            ],
            "support": {
                "issues": "https://github.com/doctrine/cache/issues",
                "source": "https://github.com/doctrine/cache/tree/2.0.3"
            },
            "funding": [
                {
                    "url": "https://www.doctrine-project.org/sponsorship.html",
                    "type": "custom"
                },
                {
                    "url": "https://www.patreon.com/phpdoctrine",
                    "type": "patreon"
                },
                {
                    "url": "https://tidelift.com/funding/github/packagist/doctrine%2Fcache",
                    "type": "tidelift"
                }
            ],
            "time": "2021-05-25T09:43:04+00:00"
        },
        {
            "name": "doctrine/dbal",
            "version": "3.1.1",
            "source": {
                "type": "git",
                "url": "https://github.com/doctrine/dbal.git",
                "reference": "8e0fde2b90e3f61361013d1e928621beeea07bc0"
            },
            "dist": {
                "type": "zip",
                "url": "https://api.github.com/repos/doctrine/dbal/zipball/8e0fde2b90e3f61361013d1e928621beeea07bc0",
                "reference": "8e0fde2b90e3f61361013d1e928621beeea07bc0",
                "shasum": ""
            },
            "require": {
                "composer/package-versions-deprecated": "^1.11.99",
                "doctrine/cache": "^1.0|^2.0",
                "doctrine/deprecations": "^0.5.3",
                "doctrine/event-manager": "^1.0",
                "php": "^7.3 || ^8.0"
            },
            "require-dev": {
                "doctrine/coding-standard": "9.0.0",
                "jetbrains/phpstorm-stubs": "2020.2",
                "phpstan/phpstan": "0.12.81",
                "phpstan/phpstan-strict-rules": "^0.12.2",
                "phpunit/phpunit": "9.5.5",
                "psalm/plugin-phpunit": "0.13.0",
                "squizlabs/php_codesniffer": "3.6.0",
                "symfony/cache": "^5.2|^6.0",
                "symfony/console": "^2.0.5|^3.0|^4.0|^5.0|^6.0",
                "vimeo/psalm": "4.6.4"
            },
            "suggest": {
                "symfony/console": "For helpful console commands such as SQL execution and import of files."
            },
            "bin": [
                "bin/doctrine-dbal"
            ],
            "type": "library",
            "autoload": {
                "psr-4": {
                    "Doctrine\\DBAL\\": "src"
                }
            },
            "notification-url": "https://packagist.org/downloads/",
            "license": [
                "MIT"
            ],
            "authors": [
                {
                    "name": "Guilherme Blanco",
                    "email": "guilhermeblanco@gmail.com"
                },
                {
                    "name": "Roman Borschel",
                    "email": "roman@code-factory.org"
                },
                {
                    "name": "Benjamin Eberlei",
                    "email": "kontakt@beberlei.de"
                },
                {
                    "name": "Jonathan Wage",
                    "email": "jonwage@gmail.com"
                }
            ],
            "description": "Powerful PHP database abstraction layer (DBAL) with many features for database schema introspection and management.",
            "homepage": "https://www.doctrine-project.org/projects/dbal.html",
            "keywords": [
                "abstraction",
                "database",
                "db2",
                "dbal",
                "mariadb",
                "mssql",
                "mysql",
                "oci8",
                "oracle",
                "pdo",
                "pgsql",
                "postgresql",
                "queryobject",
                "sasql",
                "sql",
                "sqlite",
                "sqlserver",
                "sqlsrv"
            ],
            "support": {
                "issues": "https://github.com/doctrine/dbal/issues",
                "source": "https://github.com/doctrine/dbal/tree/3.1.1"
            },
            "funding": [
                {
                    "url": "https://www.doctrine-project.org/sponsorship.html",
                    "type": "custom"
                },
                {
                    "url": "https://www.patreon.com/phpdoctrine",
                    "type": "patreon"
                },
                {
                    "url": "https://tidelift.com/funding/github/packagist/doctrine%2Fdbal",
                    "type": "tidelift"
                }
            ],
            "time": "2021-06-19T17:59:55+00:00"
        },
        {
            "name": "doctrine/deprecations",
            "version": "v0.5.3",
            "source": {
                "type": "git",
                "url": "https://github.com/doctrine/deprecations.git",
                "reference": "9504165960a1f83cc1480e2be1dd0a0478561314"
            },
            "dist": {
                "type": "zip",
                "url": "https://api.github.com/repos/doctrine/deprecations/zipball/9504165960a1f83cc1480e2be1dd0a0478561314",
                "reference": "9504165960a1f83cc1480e2be1dd0a0478561314",
                "shasum": ""
            },
            "require": {
                "php": "^7.1|^8.0"
            },
            "require-dev": {
                "doctrine/coding-standard": "^6.0|^7.0|^8.0",
                "phpunit/phpunit": "^7.0|^8.0|^9.0",
                "psr/log": "^1.0"
            },
            "suggest": {
                "psr/log": "Allows logging deprecations via PSR-3 logger implementation"
            },
            "type": "library",
            "autoload": {
                "psr-4": {
                    "Doctrine\\Deprecations\\": "lib/Doctrine/Deprecations"
                }
            },
            "notification-url": "https://packagist.org/downloads/",
            "license": [
                "MIT"
            ],
            "description": "A small layer on top of trigger_error(E_USER_DEPRECATED) or PSR-3 logging with options to disable all deprecations or selectively for packages.",
            "homepage": "https://www.doctrine-project.org/",
            "support": {
                "issues": "https://github.com/doctrine/deprecations/issues",
                "source": "https://github.com/doctrine/deprecations/tree/v0.5.3"
            },
            "time": "2021-03-21T12:59:47+00:00"
        },
        {
            "name": "doctrine/event-manager",
            "version": "1.1.1",
            "source": {
                "type": "git",
                "url": "https://github.com/doctrine/event-manager.git",
                "reference": "41370af6a30faa9dc0368c4a6814d596e81aba7f"
            },
            "dist": {
                "type": "zip",
                "url": "https://api.github.com/repos/doctrine/event-manager/zipball/41370af6a30faa9dc0368c4a6814d596e81aba7f",
                "reference": "41370af6a30faa9dc0368c4a6814d596e81aba7f",
                "shasum": ""
            },
            "require": {
                "php": "^7.1 || ^8.0"
            },
            "conflict": {
                "doctrine/common": "<2.9@dev"
            },
            "require-dev": {
                "doctrine/coding-standard": "^6.0",
                "phpunit/phpunit": "^7.0"
            },
            "type": "library",
            "extra": {
                "branch-alias": {
                    "dev-master": "1.0.x-dev"
                }
            },
            "autoload": {
                "psr-4": {
                    "Doctrine\\Common\\": "lib/Doctrine/Common"
                }
            },
            "notification-url": "https://packagist.org/downloads/",
            "license": [
                "MIT"
            ],
            "authors": [
                {
                    "name": "Guilherme Blanco",
                    "email": "guilhermeblanco@gmail.com"
                },
                {
                    "name": "Roman Borschel",
                    "email": "roman@code-factory.org"
                },
                {
                    "name": "Benjamin Eberlei",
                    "email": "kontakt@beberlei.de"
                },
                {
                    "name": "Jonathan Wage",
                    "email": "jonwage@gmail.com"
                },
                {
                    "name": "Johannes Schmitt",
                    "email": "schmittjoh@gmail.com"
                },
                {
                    "name": "Marco Pivetta",
                    "email": "ocramius@gmail.com"
                }
            ],
            "description": "The Doctrine Event Manager is a simple PHP event system that was built to be used with the various Doctrine projects.",
            "homepage": "https://www.doctrine-project.org/projects/event-manager.html",
            "keywords": [
                "event",
                "event dispatcher",
                "event manager",
                "event system",
                "events"
            ],
            "support": {
                "issues": "https://github.com/doctrine/event-manager/issues",
                "source": "https://github.com/doctrine/event-manager/tree/1.1.x"
            },
            "funding": [
                {
                    "url": "https://www.doctrine-project.org/sponsorship.html",
                    "type": "custom"
                },
                {
                    "url": "https://www.patreon.com/phpdoctrine",
                    "type": "patreon"
                },
                {
                    "url": "https://tidelift.com/funding/github/packagist/doctrine%2Fevent-manager",
                    "type": "tidelift"
                }
            ],
            "time": "2020-05-29T18:28:51+00:00"
        },
        {
            "name": "graham-campbell/result-type",
            "version": "v1.0.1",
            "source": {
                "type": "git",
                "url": "https://github.com/GrahamCampbell/Result-Type.git",
                "reference": "7e279d2cd5d7fbb156ce46daada972355cea27bb"
            },
            "dist": {
                "type": "zip",
                "url": "https://api.github.com/repos/GrahamCampbell/Result-Type/zipball/7e279d2cd5d7fbb156ce46daada972355cea27bb",
                "reference": "7e279d2cd5d7fbb156ce46daada972355cea27bb",
                "shasum": ""
            },
            "require": {
                "php": "^7.0|^8.0",
                "phpoption/phpoption": "^1.7.3"
            },
            "require-dev": {
                "phpunit/phpunit": "^6.5|^7.5|^8.5|^9.0"
            },
            "type": "library",
            "extra": {
                "branch-alias": {
                    "dev-master": "1.0-dev"
                }
            },
            "autoload": {
                "psr-4": {
                    "GrahamCampbell\\ResultType\\": "src/"
                }
            },
            "notification-url": "https://packagist.org/downloads/",
            "license": [
                "MIT"
            ],
            "authors": [
                {
                    "name": "Graham Campbell",
                    "email": "graham@alt-three.com"
                }
            ],
            "description": "An Implementation Of The Result Type",
            "keywords": [
                "Graham Campbell",
                "GrahamCampbell",
                "Result Type",
                "Result-Type",
                "result"
            ],
            "support": {
                "issues": "https://github.com/GrahamCampbell/Result-Type/issues",
                "source": "https://github.com/GrahamCampbell/Result-Type/tree/v1.0.1"
            },
            "funding": [
                {
                    "url": "https://github.com/GrahamCampbell",
                    "type": "github"
                },
                {
                    "url": "https://tidelift.com/funding/github/packagist/graham-campbell/result-type",
                    "type": "tidelift"
                }
            ],
            "time": "2020-04-13T13:17:36+00:00"
        },
        {
            "name": "hassankhan/config",
            "version": "2.2.0",
            "source": {
                "type": "git",
                "url": "https://github.com/hassankhan/config.git",
                "reference": "62b0fd17540136efa94ab6b39f04044c6dc5e4a7"
            },
            "dist": {
                "type": "zip",
                "url": "https://api.github.com/repos/hassankhan/config/zipball/62b0fd17540136efa94ab6b39f04044c6dc5e4a7",
                "reference": "62b0fd17540136efa94ab6b39f04044c6dc5e4a7",
                "shasum": ""
            },
            "require": {
                "php": ">=5.5.9"
            },
            "require-dev": {
                "phpunit/phpunit": "~4.8.36 || ~5.7 || ~6.5 || ~7.5",
                "scrutinizer/ocular": "~1.1",
                "squizlabs/php_codesniffer": "~2.2",
                "symfony/yaml": "~3.4"
            },
            "suggest": {
                "symfony/yaml": "~3.4"
            },
            "type": "library",
            "autoload": {
                "psr-4": {
                    "Noodlehaus\\": "src"
                }
            },
            "notification-url": "https://packagist.org/downloads/",
            "license": [
                "MIT"
            ],
            "authors": [
                {
                    "name": "Hassan Khan",
                    "homepage": "http://hassankhan.me/",
                    "role": "Developer"
                }
            ],
            "description": "Lightweight configuration file loader that supports PHP, INI, XML, JSON, and YAML files",
            "homepage": "http://hassankhan.me/config/",
            "keywords": [
                "config",
                "configuration",
                "ini",
                "json",
                "microphp",
                "unframework",
                "xml",
                "yaml",
                "yml"
            ],
            "support": {
                "issues": "https://github.com/hassankhan/config/issues",
                "source": "https://github.com/hassankhan/config/tree/2.2.0"
            },
            "time": "2020-12-07T16:04:15+00:00"
        },
        {
            "name": "jquery/jquery",
            "version": "3.6.0",
            "dist": {
                "type": "file",
                "url": "https://code.jquery.com/jquery-3.6.0.min.js"
            },
            "type": "library"
        },
        {
            "name": "phpmailer/phpmailer",
            "version": "v6.5.0",
            "source": {
                "type": "git",
                "url": "https://github.com/PHPMailer/PHPMailer.git",
                "reference": "a5b5c43e50b7fba655f793ad27303cd74c57363c"
            },
            "dist": {
                "type": "zip",
                "url": "https://api.github.com/repos/PHPMailer/PHPMailer/zipball/a5b5c43e50b7fba655f793ad27303cd74c57363c",
                "reference": "a5b5c43e50b7fba655f793ad27303cd74c57363c",
                "shasum": ""
            },
            "require": {
                "ext-ctype": "*",
                "ext-filter": "*",
                "ext-hash": "*",
                "php": ">=5.5.0"
            },
            "require-dev": {
                "dealerdirect/phpcodesniffer-composer-installer": "^0.7.0",
                "doctrine/annotations": "^1.2",
                "phpcompatibility/php-compatibility": "^9.3.5",
                "roave/security-advisories": "dev-latest",
                "squizlabs/php_codesniffer": "^3.5.6",
                "yoast/phpunit-polyfills": "^0.2.0"
            },
            "suggest": {
                "ext-mbstring": "Needed to send email in multibyte encoding charset or decode encoded addresses",
                "hayageek/oauth2-yahoo": "Needed for Yahoo XOAUTH2 authentication",
                "league/oauth2-google": "Needed for Google XOAUTH2 authentication",
                "psr/log": "For optional PSR-3 debug logging",
                "stevenmaguire/oauth2-microsoft": "Needed for Microsoft XOAUTH2 authentication",
                "symfony/polyfill-mbstring": "To support UTF-8 if the Mbstring PHP extension is not enabled (^1.2)"
            },
            "type": "library",
            "autoload": {
                "psr-4": {
                    "PHPMailer\\PHPMailer\\": "src/"
                }
            },
            "notification-url": "https://packagist.org/downloads/",
            "license": [
                "LGPL-2.1-only"
            ],
            "authors": [
                {
                    "name": "Marcus Bointon",
                    "email": "phpmailer@synchromedia.co.uk"
                },
                {
                    "name": "Jim Jagielski",
                    "email": "jimjag@gmail.com"
                },
                {
                    "name": "Andy Prevost",
                    "email": "codeworxtech@users.sourceforge.net"
                },
                {
                    "name": "Brent R. Matzelle"
                }
            ],
            "description": "PHPMailer is a full-featured email creation and transfer class for PHP",
            "support": {
                "issues": "https://github.com/PHPMailer/PHPMailer/issues",
                "source": "https://github.com/PHPMailer/PHPMailer/tree/v6.5.0"
            },
            "funding": [
                {
                    "url": "https://github.com/Synchro",
                    "type": "github"
                }
            ],
            "time": "2021-06-16T14:33:43+00:00"
        },
        {
            "name": "phpoption/phpoption",
            "version": "1.7.5",
            "source": {
                "type": "git",
                "url": "https://github.com/schmittjoh/php-option.git",
                "reference": "994ecccd8f3283ecf5ac33254543eb0ac946d525"
            },
            "dist": {
                "type": "zip",
                "url": "https://api.github.com/repos/schmittjoh/php-option/zipball/994ecccd8f3283ecf5ac33254543eb0ac946d525",
                "reference": "994ecccd8f3283ecf5ac33254543eb0ac946d525",
                "shasum": ""
            },
            "require": {
                "php": "^5.5.9 || ^7.0 || ^8.0"
            },
            "require-dev": {
                "bamarni/composer-bin-plugin": "^1.4.1",
                "phpunit/phpunit": "^4.8.35 || ^5.7.27 || ^6.5.6 || ^7.0 || ^8.0 || ^9.0"
            },
            "type": "library",
            "extra": {
                "branch-alias": {
                    "dev-master": "1.7-dev"
                }
            },
            "autoload": {
                "psr-4": {
                    "PhpOption\\": "src/PhpOption/"
                }
            },
            "notification-url": "https://packagist.org/downloads/",
            "license": [
                "Apache-2.0"
            ],
            "authors": [
                {
                    "name": "Johannes M. Schmitt",
                    "email": "schmittjoh@gmail.com"
                },
                {
                    "name": "Graham Campbell",
                    "email": "graham@alt-three.com"
                }
            ],
            "description": "Option Type for PHP",
            "keywords": [
                "language",
                "option",
                "php",
                "type"
            ],
            "support": {
                "issues": "https://github.com/schmittjoh/php-option/issues",
                "source": "https://github.com/schmittjoh/php-option/tree/1.7.5"
            },
            "funding": [
                {
                    "url": "https://github.com/GrahamCampbell",
                    "type": "github"
                },
                {
                    "url": "https://tidelift.com/funding/github/packagist/phpoption/phpoption",
                    "type": "tidelift"
                }
            ],
            "time": "2020-07-20T17:29:33+00:00"
        },
        {
            "name": "respect/stringifier",
            "version": "0.2.0",
            "source": {
                "type": "git",
                "url": "https://github.com/Respect/Stringifier.git",
                "reference": "e55af3c8aeaeaa2abb5fa47a58a8e9688cc23b59"
            },
            "dist": {
                "type": "zip",
                "url": "https://api.github.com/repos/Respect/Stringifier/zipball/e55af3c8aeaeaa2abb5fa47a58a8e9688cc23b59",
                "reference": "e55af3c8aeaeaa2abb5fa47a58a8e9688cc23b59",
                "shasum": ""
            },
            "require": {
                "php": ">=7.1"
            },
            "require-dev": {
                "friendsofphp/php-cs-fixer": "^2.8",
                "malukenho/docheader": "^0.1.7",
                "phpunit/phpunit": "^6.4"
            },
            "type": "library",
            "autoload": {
                "psr-4": {
                    "Respect\\Stringifier\\": "src/"
                },
                "files": [
                    "src/stringify.php"
                ]
            },
            "notification-url": "https://packagist.org/downloads/",
            "license": [
                "MIT"
            ],
            "authors": [
                {
                    "name": "Respect/Stringifier Contributors",
                    "homepage": "https://github.com/Respect/Stringifier/graphs/contributors"
                }
            ],
            "description": "Converts any value to a string",
            "homepage": "http://respect.github.io/Stringifier/",
            "keywords": [
                "respect",
                "stringifier",
                "stringify"
            ],
            "support": {
                "issues": "https://github.com/Respect/Stringifier/issues",
                "source": "https://github.com/Respect/Stringifier/tree/0.2.0"
            },
            "time": "2017-12-29T19:39:25+00:00"
        },
        {
            "name": "respect/validation",
            "version": "2.2.3",
            "source": {
                "type": "git",
                "url": "https://github.com/Respect/Validation.git",
                "reference": "4c21a7ffc9a4915673cb2c2843963919e664e627"
            },
            "dist": {
                "type": "zip",
                "url": "https://api.github.com/repos/Respect/Validation/zipball/4c21a7ffc9a4915673cb2c2843963919e664e627",
                "reference": "4c21a7ffc9a4915673cb2c2843963919e664e627",
                "shasum": ""
            },
            "require": {
                "php": "^7.3 || ^8.0",
                "respect/stringifier": "^0.2.0",
                "symfony/polyfill-mbstring": "^1.2"
            },
            "require-dev": {
                "egulias/email-validator": "^3.0",
                "malukenho/docheader": "^0.1",
                "mikey179/vfsstream": "^1.6",
                "phpstan/phpstan": "^0.12",
                "phpstan/phpstan-deprecation-rules": "^0.12",
                "phpstan/phpstan-phpunit": "^0.12",
                "phpunit/phpunit": "^9.3",
                "psr/http-message": "^1.0",
                "respect/coding-standard": "^3.0",
                "squizlabs/php_codesniffer": "^3.5",
                "symfony/validator": "^3.0||^4.0",
                "zendframework/zend-validator": "^2.1"
            },
            "suggest": {
                "egulias/email-validator": "Strict (RFC compliant) email validation",
                "ext-bcmath": "Arbitrary Precision Mathematics",
                "ext-fileinfo": "File Information",
                "ext-mbstring": "Multibyte String Functions",
                "symfony/validator": "Use Symfony validator through Respect\\Validation",
                "zendframework/zend-validator": "Use Zend Framework validator through Respect\\Validation"
            },
            "type": "library",
            "autoload": {
                "psr-4": {
                    "Respect\\Validation\\": "library/"
                }
            },
            "notification-url": "https://packagist.org/downloads/",
            "license": [
                "MIT"
            ],
            "authors": [
                {
                    "name": "Respect/Validation Contributors",
                    "homepage": "https://github.com/Respect/Validation/graphs/contributors"
                }
            ],
            "description": "The most awesome validation engine ever created for PHP",
            "homepage": "http://respect.github.io/Validation/",
            "keywords": [
                "respect",
                "validation",
                "validator"
            ],
            "support": {
                "issues": "https://github.com/Respect/Validation/issues",
                "source": "https://github.com/Respect/Validation/tree/2.2.3"
            },
            "time": "2021-03-19T14:12:45+00:00"
        },
        {
            "name": "symfony/polyfill-ctype",
            "version": "v1.23.0",
            "source": {
                "type": "git",
                "url": "https://github.com/symfony/polyfill-ctype.git",
                "reference": "46cd95797e9df938fdd2b03693b5fca5e64b01ce"
            },
            "dist": {
                "type": "zip",
                "url": "https://api.github.com/repos/symfony/polyfill-ctype/zipball/46cd95797e9df938fdd2b03693b5fca5e64b01ce",
                "reference": "46cd95797e9df938fdd2b03693b5fca5e64b01ce",
                "shasum": ""
            },
            "require": {
                "php": ">=7.1"
            },
            "suggest": {
                "ext-ctype": "For best performance"
            },
            "type": "library",
            "extra": {
                "branch-alias": {
                    "dev-main": "1.23-dev"
                },
                "thanks": {
                    "name": "symfony/polyfill",
                    "url": "https://github.com/symfony/polyfill"
                }
            },
            "autoload": {
                "psr-4": {
                    "Symfony\\Polyfill\\Ctype\\": ""
                },
                "files": [
                    "bootstrap.php"
                ]
            },
            "notification-url": "https://packagist.org/downloads/",
            "license": [
                "MIT"
            ],
            "authors": [
                {
                    "name": "Gert de Pagter",
                    "email": "BackEndTea@gmail.com"
                },
                {
                    "name": "Symfony Community",
                    "homepage": "https://symfony.com/contributors"
                }
            ],
            "description": "Symfony polyfill for ctype functions",
            "homepage": "https://symfony.com",
            "keywords": [
                "compatibility",
                "ctype",
                "polyfill",
                "portable"
            ],
            "support": {
                "source": "https://github.com/symfony/polyfill-ctype/tree/v1.23.0"
            },
            "funding": [
                {
                    "url": "https://symfony.com/sponsor",
                    "type": "custom"
                },
                {
                    "url": "https://github.com/fabpot",
                    "type": "github"
                },
                {
                    "url": "https://tidelift.com/funding/github/packagist/symfony/symfony",
                    "type": "tidelift"
                }
            ],
            "time": "2021-02-19T12:13:01+00:00"
        },
        {
            "name": "symfony/polyfill-mbstring",
            "version": "v1.23.0",
            "source": {
                "type": "git",
                "url": "https://github.com/symfony/polyfill-mbstring.git",
                "reference": "2df51500adbaebdc4c38dea4c89a2e131c45c8a1"
            },
            "dist": {
                "type": "zip",
                "url": "https://api.github.com/repos/symfony/polyfill-mbstring/zipball/2df51500adbaebdc4c38dea4c89a2e131c45c8a1",
                "reference": "2df51500adbaebdc4c38dea4c89a2e131c45c8a1",
                "shasum": ""
            },
            "require": {
                "php": ">=7.1"
            },
            "suggest": {
                "ext-mbstring": "For best performance"
            },
            "type": "library",
            "extra": {
                "branch-alias": {
                    "dev-main": "1.23-dev"
                },
                "thanks": {
                    "name": "symfony/polyfill",
                    "url": "https://github.com/symfony/polyfill"
                }
            },
            "autoload": {
                "psr-4": {
                    "Symfony\\Polyfill\\Mbstring\\": ""
                },
                "files": [
                    "bootstrap.php"
                ]
            },
            "notification-url": "https://packagist.org/downloads/",
            "license": [
                "MIT"
            ],
            "authors": [
                {
                    "name": "Nicolas Grekas",
                    "email": "p@tchwork.com"
                },
                {
                    "name": "Symfony Community",
                    "homepage": "https://symfony.com/contributors"
                }
            ],
            "description": "Symfony polyfill for the Mbstring extension",
            "homepage": "https://symfony.com",
            "keywords": [
                "compatibility",
                "mbstring",
                "polyfill",
                "portable",
                "shim"
            ],
            "support": {
                "source": "https://github.com/symfony/polyfill-mbstring/tree/v1.23.0"
            },
            "funding": [
                {
                    "url": "https://symfony.com/sponsor",
                    "type": "custom"
                },
                {
                    "url": "https://github.com/fabpot",
                    "type": "github"
                },
                {
                    "url": "https://tidelift.com/funding/github/packagist/symfony/symfony",
                    "type": "tidelift"
                }
            ],
            "time": "2021-05-27T09:27:20+00:00"
        },
        {
            "name": "symfony/polyfill-php80",
            "version": "v1.23.0",
            "source": {
                "type": "git",
                "url": "https://github.com/symfony/polyfill-php80.git",
                "reference": "eca0bf41ed421bed1b57c4958bab16aa86b757d0"
            },
            "dist": {
                "type": "zip",
                "url": "https://api.github.com/repos/symfony/polyfill-php80/zipball/eca0bf41ed421bed1b57c4958bab16aa86b757d0",
                "reference": "eca0bf41ed421bed1b57c4958bab16aa86b757d0",
                "shasum": ""
            },
            "require": {
                "php": ">=7.1"
            },
            "type": "library",
            "extra": {
                "branch-alias": {
                    "dev-main": "1.23-dev"
                },
                "thanks": {
                    "name": "symfony/polyfill",
                    "url": "https://github.com/symfony/polyfill"
                }
            },
            "autoload": {
                "psr-4": {
                    "Symfony\\Polyfill\\Php80\\": ""
                },
                "files": [
                    "bootstrap.php"
                ],
                "classmap": [
                    "Resources/stubs"
                ]
            },
            "notification-url": "https://packagist.org/downloads/",
            "license": [
                "MIT"
            ],
            "authors": [
                {
                    "name": "Ion Bazan",
                    "email": "ion.bazan@gmail.com"
                },
                {
                    "name": "Nicolas Grekas",
                    "email": "p@tchwork.com"
                },
                {
                    "name": "Symfony Community",
                    "homepage": "https://symfony.com/contributors"
                }
            ],
            "description": "Symfony polyfill backporting some PHP 8.0+ features to lower PHP versions",
            "homepage": "https://symfony.com",
            "keywords": [
                "compatibility",
                "polyfill",
                "portable",
                "shim"
            ],
            "support": {
                "source": "https://github.com/symfony/polyfill-php80/tree/v1.23.0"
            },
            "funding": [
                {
                    "url": "https://symfony.com/sponsor",
                    "type": "custom"
                },
                {
                    "url": "https://github.com/fabpot",
                    "type": "github"
                },
                {
                    "url": "https://tidelift.com/funding/github/packagist/symfony/symfony",
                    "type": "tidelift"
                }
            ],
            "time": "2021-02-19T12:13:01+00:00"
        },
        {
            "name": "twbs/bootstrap",
            "version": "v5.0.2",
            "source": {
                "type": "git",
                "url": "https://github.com/twbs/bootstrap.git",
                "reference": "688bce4fa695cc360a0d084e34f029b0c192b223"
            },
            "dist": {
                "type": "zip",
                "url": "https://api.github.com/repos/twbs/bootstrap/zipball/688bce4fa695cc360a0d084e34f029b0c192b223",
                "reference": "688bce4fa695cc360a0d084e34f029b0c192b223",
                "shasum": ""
            },
            "replace": {
                "twitter/bootstrap": "self.version"
            },
            "type": "library",
            "notification-url": "https://packagist.org/downloads/",
            "license": [
                "MIT"
            ],
            "authors": [
                {
                    "name": "Mark Otto",
                    "email": "markdotto@gmail.com"
                },
                {
                    "name": "Jacob Thornton",
                    "email": "jacobthornton@gmail.com"
                }
            ],
            "description": "The most popular front-end framework for developing responsive, mobile first projects on the web.",
            "homepage": "https://getbootstrap.com/",
            "keywords": [
                "JS",
                "css",
                "framework",
                "front-end",
                "mobile-first",
                "responsive",
                "sass",
                "web"
            ],
            "support": {
                "issues": "https://github.com/twbs/bootstrap/issues",
                "source": "https://github.com/twbs/bootstrap/tree/v5.0.2"
            },
            "time": "2021-06-22T18:29:16+00:00"
        },
        {
            "name": "twbs/bootstrap-icons",
            "version": "1.5.0",
            "dist": {
                "type": "file",
                "url": "https://cdn.jsdelivr.net/npm/bootstrap-icons@1.5.0/font/bootstrap-icons.css"
            },
            "type": "library"
        },
        {
            "name": "vlucas/phpdotenv",
            "version": "v5.3.0",
            "source": {
                "type": "git",
                "url": "https://github.com/vlucas/phpdotenv.git",
                "reference": "b3eac5c7ac896e52deab4a99068e3f4ab12d9e56"
            },
            "dist": {
                "type": "zip",
                "url": "https://api.github.com/repos/vlucas/phpdotenv/zipball/b3eac5c7ac896e52deab4a99068e3f4ab12d9e56",
                "reference": "b3eac5c7ac896e52deab4a99068e3f4ab12d9e56",
                "shasum": ""
            },
            "require": {
                "ext-pcre": "*",
                "graham-campbell/result-type": "^1.0.1",
                "php": "^7.1.3 || ^8.0",
                "phpoption/phpoption": "^1.7.4",
                "symfony/polyfill-ctype": "^1.17",
                "symfony/polyfill-mbstring": "^1.17",
                "symfony/polyfill-php80": "^1.17"
            },
            "require-dev": {
                "bamarni/composer-bin-plugin": "^1.4.1",
                "ext-filter": "*",
                "phpunit/phpunit": "^7.5.20 || ^8.5.14 || ^9.5.1"
            },
            "suggest": {
                "ext-filter": "Required to use the boolean validator."
            },
            "type": "library",
            "extra": {
                "branch-alias": {
                    "dev-master": "5.3-dev"
                }
            },
            "autoload": {
                "psr-4": {
                    "Dotenv\\": "src/"
                }
            },
            "notification-url": "https://packagist.org/downloads/",
            "license": [
                "BSD-3-Clause"
            ],
            "authors": [
                {
                    "name": "Graham Campbell",
                    "email": "graham@alt-three.com",
                    "homepage": "https://gjcampbell.co.uk/"
                },
                {
                    "name": "Vance Lucas",
                    "email": "vance@vancelucas.com",
                    "homepage": "https://vancelucas.com/"
                }
            ],
            "description": "Loads environment variables from `.env` to `getenv()`, `$_ENV` and `$_SERVER` automagically.",
            "keywords": [
                "dotenv",
                "env",
                "environment"
            ],
            "support": {
                "issues": "https://github.com/vlucas/phpdotenv/issues",
                "source": "https://github.com/vlucas/phpdotenv/tree/v5.3.0"
            },
            "funding": [
                {
                    "url": "https://github.com/GrahamCampbell",
                    "type": "github"
                },
                {
                    "url": "https://tidelift.com/funding/github/packagist/vlucas/phpdotenv",
                    "type": "tidelift"
                }
            ],
            "time": "2021-01-20T15:23:13+00:00"
        },
        {
            "name": "webspell_ng/data_structures",
            "version": "dev-master",
            "source": {
                "type": "git",
                "url": "https://github.com/SlicewOw/webSPELL_NG_DataStructures.git",
                "reference": "9620d4eeff2df859bffe1ff0b60056b0c9afd4db"
            },
            "dist": {
                "type": "zip",
                "url": "https://api.github.com/repos/SlicewOw/webSPELL_NG_DataStructures/zipball/9620d4eeff2df859bffe1ff0b60056b0c9afd4db",
                "reference": "9620d4eeff2df859bffe1ff0b60056b0c9afd4db",
                "shasum": ""
            },
            "require": {
                "hassankhan/config": "^2.2",
                "phpmailer/phpmailer": "^6.5",
                "respect/validation": "^2.2",
                "webspell_ng/query_builder": "dev-master"
            },
            "require-dev": {
                "phpstan/phpstan": "^0.12.90",
                "phpunit/phpunit": "^9.5"
            },
            "default-branch": true,
            "type": "library",
            "autoload": {
                "psr-4": {
                    "webspell_ng\\": "src/"
                }
            },
            "notification-url": "https://packagist.org/downloads/",
            "license": [
                "MIT"
            ],
            "authors": [
                {
                    "name": "SlicewOw",
                    "email": "slicewow@webspell-ng.de"
                }
            ],
            "description": "Abstract classes to be used within webSPELL NG projects",
            "support": {
                "issues": "https://github.com/SlicewOw/webSPELL_NG_DataStructures/issues",
                "source": "https://github.com/SlicewOw/webSPELL_NG_DataStructures/tree/master"
            },
            "time": "2021-06-26T20:20:21+00:00"
        },
        {
            "name": "webspell_ng/query_builder",
            "version": "dev-master",
            "source": {
                "type": "git",
                "url": "https://github.com/SlicewOw/webSPELL_NG_QueryBuilder.git",
                "reference": "9c88e013b1ea1b9cf207e1564ba6cfbcaab20bfc"
            },
            "dist": {
                "type": "zip",
                "url": "https://api.github.com/repos/SlicewOw/webSPELL_NG_QueryBuilder/zipball/9c88e013b1ea1b9cf207e1564ba6cfbcaab20bfc",
                "reference": "9c88e013b1ea1b9cf207e1564ba6cfbcaab20bfc",
                "shasum": ""
            },
            "require": {
                "doctrine/dbal": "^3.0",
                "php": "^7.2",
                "vlucas/phpdotenv": "^5.3"
            },
            "require-dev": {
                "phpstan/phpstan": "^0.12.90",
                "phpunit/phpunit": "^9.5"
            },
            "default-branch": true,
            "type": "library",
            "autoload": {
                "psr-4": {
                    "webspell_ng\\": "src/"
                }
            },
            "notification-url": "https://packagist.org/downloads/",
            "license": [
                "MIT"
            ],
            "authors": [
                {
                    "name": "SlicewOw",
                    "email": "slicewow@webspell-ng.de"
                }
            ],
            "description": "QueryBuilder can be used within webSPELL NG projects to execute queries",
            "support": {
                "issues": "https://github.com/SlicewOw/webSPELL_NG_QueryBuilder/issues",
                "source": "https://github.com/SlicewOw/webSPELL_NG_QueryBuilder/tree/master"
            },
            "time": "2021-06-26T20:02:20+00:00"
        }
    ],
    "packages-dev": [],
    "aliases": [],
    "minimum-stability": "stable",
    "stability-flags": {
        "webspell_ng/query_builder": 20,
        "webspell_ng/data_structures": 20
    },
    "prefer-stable": false,
    "prefer-lowest": false,
    "platform": [],
    "platform-dev": [],
    "plugin-api-version": "2.0.0"
}
